
Microsoft Visual Studio Solution File, Format Version 12.00
# Visual Studio Version 17
VisualStudioVersion = 17.4.33213.308
MinimumVisualStudioVersion = 10.0.40219.1
Project("{9A19103F-16F7-4668-BE54-9A1E7A4F7556}") = "Marketplace.Admin.API", "Marketplace.Admin.API\Marketplace.Admin.API.csproj", "{BE191FB4-8CAD-46C9-882A-C4CE0A06CD99}"
EndProject
Project("{2150E333-8FDC-42A3-9474-1A3956D46DE8}") = "API", "API", "{2BBB4FDA-E0AA-43CE-9224-0EC99BC2FB49}"
EndProject
Project("{2150E333-8FDC-42A3-9474-1A3956D46DE8}") = "Domain", "Domain", "{5C92D6D7-B020-4993-80A1-135F091BA502}"
EndProject
Project("{2150E333-8FDC-42A3-9474-1A3956D46DE8}") = "Infrastructure", "Infrastructure", "{F9F261DF-AEE7-4451-9697-B717C1CF6581}"
EndProject
Project("{9A19103F-16F7-4668-BE54-9A1E7A4F7556}") = "Marketplace.Admin.Domain", "Marketplace.Admin.Domain\Marketplace.Admin.Domain.csproj", "{006F52E2-7DB6-442C-A70F-2E831631CD39}"
EndProject
Project("{2150E333-8FDC-42A3-9474-1A3956D46DE8}") = "Application", "Application", "{6FBFD9CA-CFD9-47D6-B24A-F7095B21C70E}"
EndProject
Project("{9A19103F-16F7-4668-BE54-9A1E7A4F7556}") = "Marketplace.Admin.Application", "Marketplace.Admin.Application\Marketplace.Admin.Application.csproj", "{EA0D21A5-50F7-4847-A4CB-B0CC3DA2CEB9}"
EndProject
Project("{9A19103F-16F7-4668-BE54-9A1E7A4F7556}") = "Marketplace.Admin.Infrastructure", "Marketplace.Admin.Infrastructure\Marketplace.Admin.Infrastructure.csproj", "{759804A6-9449-4807-A7A9-331A231D4B48}"
EndProject
Project("{E53339B2-1760-4266-BCC7-CA923CBCF16C}") = "docker-compose", "docker-compose.dcproj", "{A4640D80-BD9A-476A-8A59-F4B04F23D955}"
EndProject
Project("{9A19103F-16F7-4668-BE54-9A1E7A4F7556}") = "DummySalesHistoryAPI", "DummySalesHistoryAPI\DummySalesHistoryAPI.csproj", "{F0EEA43D-F17F-4F98-AFF6-833EE43EB342}"
EndProject
Global
	GlobalSection(SolutionConfigurationPlatforms) = preSolution
		Debug|Any CPU = Debug|Any CPU
		Release|Any CPU = Release|Any CPU
	EndGlobalSection
	GlobalSection(ProjectConfigurationPlatforms) = postSolution
		{BE191FB4-8CAD-46C9-882A-C4CE0A06CD99}.Debug|Any CPU.ActiveCfg = Debug|Any CPU
		{BE191FB4-8CAD-46C9-882A-C4CE0A06CD99}.Debug|Any CPU.Build.0 = Debug|Any CPU
		{BE191FB4-8CAD-46C9-882A-C4CE0A06CD99}.Release|Any CPU.ActiveCfg = Release|Any CPU
		{BE191FB4-8CAD-46C9-882A-C4CE0A06CD99}.Release|Any CPU.Build.0 = Release|Any CPU
		{006F52E2-7DB6-442C-A70F-2E831631CD39}.Debug|Any CPU.ActiveCfg = Debug|Any CPU
		{006F52E2-7DB6-442C-A70F-2E831631CD39}.Debug|Any CPU.Build.0 = Debug|Any CPU
		{006F52E2-7DB6-442C-A70F-2E831631CD39}.Release|Any CPU.ActiveCfg = Release|Any CPU
		{006F52E2-7DB6-442C-A70F-2E831631CD39}.Release|Any CPU.Build.0 = Release|Any CPU
		{EA0D21A5-50F7-4847-A4CB-B0CC3DA2CEB9}.Debug|Any CPU.ActiveCfg = Debug|Any CPU
		{EA0D21A5-50F7-4847-A4CB-B0CC3DA2CEB9}.Debug|Any CPU.Build.0 = Debug|Any CPU
		{EA0D21A5-50F7-4847-A4CB-B0CC3DA2CEB9}.Release|Any CPU.ActiveCfg = Release|Any CPU
		{EA0D21A5-50F7-4847-A4CB-B0CC3DA2CEB9}.Release|Any CPU.Build.0 = Release|Any CPU
		{759804A6-9449-4807-A7A9-331A231D4B48}.Debug|Any CPU.ActiveCfg = Debug|Any CPU
		{759804A6-9449-4807-A7A9-331A231D4B48}.Debug|Any CPU.Build.0 = Debug|Any CPU
		{759804A6-9449-4807-A7A9-331A231D4B48}.Release|Any CPU.ActiveCfg = Release|Any CPU
		{759804A6-9449-4807-A7A9-331A231D4B48}.Release|Any CPU.Build.0 = Release|Any CPU
		{A4640D80-BD9A-476A-8A59-F4B04F23D955}.Debug|Any CPU.ActiveCfg = Debug|Any CPU
		{A4640D80-BD9A-476A-8A59-F4B04F23D955}.Debug|Any CPU.Build.0 = Debug|Any CPU
		{A4640D80-BD9A-476A-8A59-F4B04F23D955}.Release|Any CPU.ActiveCfg = Release|Any CPU
		{A4640D80-BD9A-476A-8A59-F4B04F23D955}.Release|Any CPU.Build.0 = Release|Any CPU
		{F0EEA43D-F17F-4F98-AFF6-833EE43EB342}.Debug|Any CPU.ActiveCfg = Debug|Any CPU
		{F0EEA43D-F17F-4F98-AFF6-833EE43EB342}.Debug|Any CPU.Build.0 = Debug|Any CPU
		{F0EEA43D-F17F-4F98-AFF6-833EE43EB342}.Release|Any CPU.ActiveCfg = Release|Any CPU
		{F0EEA43D-F17F-4F98-AFF6-833EE43EB342}.Release|Any CPU.Build.0 = Release|Any CPU
	EndGlobalSection
	GlobalSection(SolutionProperties) = preSolution
		HideSolutionNode = FALSE
	EndGlobalSection
	GlobalSection(NestedProjects) = preSolution
		{BE191FB4-8CAD-46C9-882A-C4CE0A06CD99} = {2BBB4FDA-E0AA-43CE-9224-0EC99BC2FB49}
		{006F52E2-7DB6-442C-A70F-2E831631CD39} = {5C92D6D7-B020-4993-80A1-135F091BA502}
		{EA0D21A5-50F7-4847-A4CB-B0CC3DA2CEB9} = {6FBFD9CA-CFD9-47D6-B24A-F7095B21C70E}
		{759804A6-9449-4807-A7A9-331A231D4B48} = {F9F261DF-AEE7-4451-9697-B717C1CF6581}
		{F0EEA43D-F17F-4F98-AFF6-833EE43EB342} = {2BBB4FDA-E0AA-43CE-9224-0EC99BC2FB49}
	EndGlobalSection
	GlobalSection(ExtensibilityGlobals) = postSolution
		SolutionGuid = {07770D94-DBB3-4DD8-9680-DE50E7551F6C}
	EndGlobalSection
EndGlobal
